
Microsoft Visual Studio Solution File, Format Version 12.00
# Visual Studio Version 16
VisualStudioVersion = 16.0.30011.22
MinimumVisualStudioVersion = 10.0.40219.1
Project("{888888A0-9F3D-457C-B088-3A5042F75D52}") = "intellipropAPI", "intellipropAPI.pyproj", "{114E8088-05F4-443B-88BD-9DBB9E7D463E}"
EndProject
Global
	GlobalSection(SolutionConfigurationPlatforms) = preSolution
		Debug|Any CPU = Debug|Any CPU
		Release|Any CPU = Release|Any CPU
	EndGlobalSection
	GlobalSection(ProjectConfigurationPlatforms) = postSolution
		{114E8088-05F4-443B-88BD-9DBB9E7D463E}.Debug|Any CPU.ActiveCfg = Debug|Any CPU
		{114E8088-05F4-443B-88BD-9DBB9E7D463E}.Debug|Any CPU.Build.0 = Debug|Any CPU
		{114E8088-05F4-443B-88BD-9DBB9E7D463E}.Release|Any CPU.ActiveCfg = Release|Any CPU
		{114E8088-05F4-443B-88BD-9DBB9E7D463E}.Release|Any CPU.Build.0 = Release|Any CPU
	EndGlobalSection
	GlobalSection(SolutionProperties) = preSolution
		HideSolutionNode = FALSE
	EndGlobalSection
	GlobalSection(ExtensibilityGlobals) = postSolution
		SolutionGuid = {E2F96776-29D6-4EBE-B66F-515765FF2E18}
	EndGlobalSection
EndGlobal
